
Microsoft Visual Studio Solution File, Format Version 12.00
# Visual Studio Version 17
VisualStudioVersion = 17.4.33213.308
MinimumVisualStudioVersion = 10.0.40219.1
Project("{FAE04EC0-301F-11D3-BF4B-00C04F79EFBC}") = "AirBnbInsights", "AirBnbInsights\AirBnbInsights.csproj", "{BBAFD8BA-48A6-427A-B821-7384AFEB4C2D}"
EndProject
Global
	GlobalSection(SolutionConfigurationPlatforms) = preSolution
		Debug|Any CPU = Debug|Any CPU
		Release|Any CPU = Release|Any CPU
	EndGlobalSection
	GlobalSection(ProjectConfigurationPlatforms) = postSolution
		{BBAFD8BA-48A6-427A-B821-7384AFEB4C2D}.Debug|Any CPU.ActiveCfg = Debug|Any CPU
		{BBAFD8BA-48A6-427A-B821-7384AFEB4C2D}.Debug|Any CPU.Build.0 = Debug|Any CPU
		{BBAFD8BA-48A6-427A-B821-7384AFEB4C2D}.Release|Any CPU.ActiveCfg = Release|Any CPU
		{BBAFD8BA-48A6-427A-B821-7384AFEB4C2D}.Release|Any CPU.Build.0 = Release|Any CPU
	EndGlobalSection
	GlobalSection(SolutionProperties) = preSolution
		HideSolutionNode = FALSE
	EndGlobalSection
	GlobalSection(ExtensibilityGlobals) = postSolution
		SolutionGuid = {4558FDE5-5081-4A15-933F-7DD927FEE97B}
	EndGlobalSection
EndGlobal
